
Microsoft Visual Studio Solution File, Format Version 12.00
# Visual Studio 15
VisualStudioVersion = 15.0.28307.421
MinimumVisualStudioVersion = 10.0.40219.1
Project("{FAE04EC0-301F-11D3-BF4B-00C04F79EFBC}") = "SemCycle.Android", "SemCycle\SemCycle.Android\SemCycle.Android.csproj", "{8F8A4A51-7EE5-40F8-9FB7-6BB00B00909B}"
EndProject
Project("{FAE04EC0-301F-11D3-BF4B-00C04F79EFBC}") = "SemCycle.iOS", "SemCycle\SemCycle.iOS\SemCycle.iOS.csproj", "{3EC3A094-FC01-4851-B663-B8D902F4412E}"
EndProject
Project("{FAE04EC0-301F-11D3-BF4B-00C04F79EFBC}") = "SemCycle.UWP", "SemCycle\SemCycle.UWP\SemCycle.UWP.csproj", "{D83786A7-A9FA-4D04-A9E0-32F0468B5B52}"
EndProject
Project("{FAE04EC0-301F-11D3-BF4B-00C04F79EFBC}") = "SemCycle", "SemCycle\SemCycle\SemCycle.csproj", "{E0557152-309F-413D-AC2F-B96A4F485C37}"
EndProject
Global
	GlobalSection(SolutionConfigurationPlatforms) = preSolution
		Ad-Hoc|Any CPU = Ad-Hoc|Any CPU
		Ad-Hoc|ARM = Ad-Hoc|ARM
		Ad-Hoc|iPhone = Ad-Hoc|iPhone
		Ad-Hoc|iPhoneSimulator = Ad-Hoc|iPhoneSimulator
		Ad-Hoc|x64 = Ad-Hoc|x64
		Ad-Hoc|x86 = Ad-Hoc|x86
		AppStore|Any CPU = AppStore|Any CPU
		AppStore|ARM = AppStore|ARM
		AppStore|iPhone = AppStore|iPhone
		AppStore|iPhoneSimulator = AppStore|iPhoneSimulator
		AppStore|x64 = AppStore|x64
		AppStore|x86 = AppStore|x86
		Debug|Any CPU = Debug|Any CPU
		Debug|ARM = Debug|ARM
		Debug|iPhone = Debug|iPhone
		Debug|iPhoneSimulator = Debug|iPhoneSimulator
		Debug|x64 = Debug|x64
		Debug|x86 = Debug|x86
		Release|Any CPU = Release|Any CPU
		Release|ARM = Release|ARM
		Release|iPhone = Release|iPhone
		Release|iPhoneSimulator = Release|iPhoneSimulator
		Release|x64 = Release|x64
		Release|x86 = Release|x86
	EndGlobalSection
	GlobalSection(ProjectConfigurationPlatforms) = postSolution
		{8F8A4A51-7EE5-40F8-9FB7-6BB00B00909B}.Ad-Hoc|Any CPU.ActiveCfg = Release|Any CPU
		{8F8A4A51-7EE5-40F8-9FB7-6BB00B00909B}.Ad-Hoc|Any CPU.Build.0 = Release|Any CPU
		{8F8A4A51-7EE5-40F8-9FB7-6BB00B00909B}.Ad-Hoc|Any CPU.Deploy.0 = Release|Any CPU
		{8F8A4A51-7EE5-40F8-9FB7-6BB00B00909B}.Ad-Hoc|ARM.ActiveCfg = Release|Any CPU
		{8F8A4A51-7EE5-40F8-9FB7-6BB00B00909B}.Ad-Hoc|ARM.Build.0 = Release|Any CPU
		{8F8A4A51-7EE5-40F8-9FB7-6BB00B00909B}.Ad-Hoc|ARM.Deploy.0 = Release|Any CPU
		{8F8A4A51-7EE5-40F8-9FB7-6BB00B00909B}.Ad-Hoc|iPhone.ActiveCfg = Release|Any CPU
		{8F8A4A51-7EE5-40F8-9FB7-6BB00B00909B}.Ad-Hoc|iPhone.Build.0 = Release|Any CPU
		{8F8A4A51-7EE5-40F8-9FB7-6BB00B00909B}.Ad-Hoc|iPhone.Deploy.0 = Release|Any CPU
		{8F8A4A51-7EE5-40F8-9FB7-6BB00B00909B}.Ad-Hoc|iPhoneSimulator.ActiveCfg = Release|Any CPU
		{8F8A4A51-7EE5-40F8-9FB7-6BB00B00909B}.Ad-Hoc|iPhoneSimulator.Build.0 = Release|Any CPU
		{8F8A4A51-7EE5-40F8-9FB7-6BB00B00909B}.Ad-Hoc|iPhoneSimulator.Deploy.0 = Release|Any CPU
		{8F8A4A51-7EE5-40F8-9FB7-6BB00B00909B}.Ad-Hoc|x64.ActiveCfg = Release|Any CPU
		{8F8A4A51-7EE5-40F8-9FB7-6BB00B00909B}.Ad-Hoc|x64.Build.0 = Release|Any CPU
		{8F8A4A51-7EE5-40F8-9FB7-6BB00B00909B}.Ad-Hoc|x64.Deploy.0 = Release|Any CPU
		{8F8A4A51-7EE5-40F8-9FB7-6BB00B00909B}.Ad-Hoc|x86.ActiveCfg = Release|Any CPU
		{8F8A4A51-7EE5-40F8-9FB7-6BB00B00909B}.Ad-Hoc|x86.Build.0 = Release|Any CPU
		{8F8A4A51-7EE5-40F8-9FB7-6BB00B00909B}.Ad-Hoc|x86.Deploy.0 = Release|Any CPU
		{8F8A4A51-7EE5-40F8-9FB7-6BB00B00909B}.AppStore|Any CPU.ActiveCfg = Release|Any CPU
		{8F8A4A51-7EE5-40F8-9FB7-6BB00B00909B}.AppStore|Any CPU.Build.0 = Release|Any CPU
		{8F8A4A51-7EE5-40F8-9FB7-6BB00B00909B}.AppStore|Any CPU.Deploy.0 = Release|Any CPU
		{8F8A4A51-7EE5-40F8-9FB7-6BB00B00909B}.AppStore|ARM.ActiveCfg = Release|Any CPU
		{8F8A4A51-7EE5-40F8-9FB7-6BB00B00909B}.AppStore|ARM.Build.0 = Release|Any CPU
		{8F8A4A51-7EE5-40F8-9FB7-6BB00B00909B}.AppStore|ARM.Deploy.0 = Release|Any CPU
		{8F8A4A51-7EE5-40F8-9FB7-6BB00B00909B}.AppStore|iPhone.ActiveCfg = Release|Any CPU
		{8F8A4A51-7EE5-40F8-9FB7-6BB00B00909B}.AppStore|iPhone.Build.0 = Release|Any CPU
		{8F8A4A51-7EE5-40F8-9FB7-6BB00B00909B}.AppStore|iPhone.Deploy.0 = Release|Any CPU
		{8F8A4A51-7EE5-40F8-9FB7-6BB00B00909B}.AppStore|iPhoneSimulator.ActiveCfg = Release|Any CPU
		{8F8A4A51-7EE5-40F8-9FB7-6BB00B00909B}.AppStore|iPhoneSimulator.Build.0 = Release|Any CPU
		{8F8A4A51-7EE5-40F8-9FB7-6BB00B00909B}.AppStore|iPhoneSimulator.Deploy.0 = Release|Any CPU
		{8F8A4A51-7EE5-40F8-9FB7-6BB00B00909B}.AppStore|x64.ActiveCfg = Release|Any CPU
		{8F8A4A51-7EE5-40F8-9FB7-6BB00B00909B}.AppStore|x64.Build.0 = Release|Any CPU
		{8F8A4A51-7EE5-40F8-9FB7-6BB00B00909B}.AppStore|x64.Deploy.0 = Release|Any CPU
		{8F8A4A51-7EE5-40F8-9FB7-6BB00B00909B}.AppStore|x86.ActiveCfg = Release|Any CPU
		{8F8A4A51-7EE5-40F8-9FB7-6BB00B00909B}.AppStore|x86.Build.0 = Release|Any CPU
		{8F8A4A51-7EE5-40F8-9FB7-6BB00B00909B}.AppStore|x86.Deploy.0 = Release|Any CPU
		{8F8A4A51-7EE5-40F8-9FB7-6BB00B00909B}.Debug|Any CPU.ActiveCfg = Debug|Any CPU
		{8F8A4A51-7EE5-40F8-9FB7-6BB00B00909B}.Debug|Any CPU.Build.0 = Debug|Any CPU
		{8F8A4A51-7EE5-40F8-9FB7-6BB00B00909B}.Debug|Any CPU.Deploy.0 = Debug|Any CPU
		{8F8A4A51-7EE5-40F8-9FB7-6BB00B00909B}.Debug|ARM.ActiveCfg = Debug|Any CPU
		{8F8A4A51-7EE5-40F8-9FB7-6BB00B00909B}.Debug|ARM.Build.0 = Debug|Any CPU
		{8F8A4A51-7EE5-40F8-9FB7-6BB00B00909B}.Debug|ARM.Deploy.0 = Debug|Any CPU
		{8F8A4A51-7EE5-40F8-9FB7-6BB00B00909B}.Debug|iPhone.ActiveCfg = Debug|Any CPU
		{8F8A4A51-7EE5-40F8-9FB7-6BB00B00909B}.Debug|iPhone.Build.0 = Debug|Any CPU
		{8F8A4A51-7EE5-40F8-9FB7-6BB00B00909B}.Debug|iPhone.Deploy.0 = Debug|Any CPU
		{8F8A4A51-7EE5-40F8-9FB7-6BB00B00909B}.Debug|iPhoneSimulator.ActiveCfg = Debug|Any CPU
		{8F8A4A51-7EE5-40F8-9FB7-6BB00B00909B}.Debug|iPhoneSimulator.Build.0 = Debug|Any CPU
		{8F8A4A51-7EE5-40F8-9FB7-6BB00B00909B}.Debug|iPhoneSimulator.Deploy.0 = Debug|Any CPU
		{8F8A4A51-7EE5-40F8-9FB7-6BB00B00909B}.Debug|x64.ActiveCfg = Debug|Any CPU
		{8F8A4A51-7EE5-40F8-9FB7-6BB00B00909B}.Debug|x64.Build.0 = Debug|Any CPU
		{8F8A4A51-7EE5-40F8-9FB7-6BB00B00909B}.Debug|x64.Deploy.0 = Debug|Any CPU
		{8F8A4A51-7EE5-40F8-9FB7-6BB00B00909B}.Debug|x86.ActiveCfg = Debug|Any CPU
		{8F8A4A51-7EE5-40F8-9FB7-6BB00B00909B}.Debug|x86.Build.0 = Debug|Any CPU
		{8F8A4A51-7EE5-40F8-9FB7-6BB00B00909B}.Debug|x86.Deploy.0 = Debug|Any CPU
		{8F8A4A51-7EE5-40F8-9FB7-6BB00B00909B}.Release|Any CPU.ActiveCfg = Release|Any CPU
		{8F8A4A51-7EE5-40F8-9FB7-6BB00B00909B}.Release|Any CPU.Build.0 = Release|Any CPU
		{8F8A4A51-7EE5-40F8-9FB7-6BB00B00909B}.Release|Any CPU.Deploy.0 = Release|Any CPU
		{8F8A4A51-7EE5-40F8-9FB7-6BB00B00909B}.Release|ARM.ActiveCfg = Release|Any CPU
		{8F8A4A51-7EE5-40F8-9FB7-6BB00B00909B}.Release|ARM.Build.0 = Release|Any CPU
		{8F8A4A51-7EE5-40F8-9FB7-6BB00B00909B}.Release|ARM.Deploy.0 = Release|Any CPU
		{8F8A4A51-7EE5-40F8-9FB7-6BB00B00909B}.Release|iPhone.ActiveCfg = Release|Any CPU
		{8F8A4A51-7EE5-40F8-9FB7-6BB00B00909B}.Release|iPhone.Build.0 = Release|Any CPU
		{8F8A4A51-7EE5-40F8-9FB7-6BB00B00909B}.Release|iPhone.Deploy.0 = Release|Any CPU
		{8F8A4A51-7EE5-40F8-9FB7-6BB00B00909B}.Release|iPhoneSimulator.ActiveCfg = Release|Any CPU
		{8F8A4A51-7EE5-40F8-9FB7-6BB00B00909B}.Release|iPhoneSimulator.Build.0 = Release|Any CPU
		{8F8A4A51-7EE5-40F8-9FB7-6BB00B00909B}.Release|iPhoneSimulator.Deploy.0 = Release|Any CPU
		{8F8A4A51-7EE5-40F8-9FB7-6BB00B00909B}.Release|x64.ActiveCfg = Release|Any CPU
		{8F8A4A51-7EE5-40F8-9FB7-6BB00B00909B}.Release|x64.Build.0 = Release|Any CPU
		{8F8A4A51-7EE5-40F8-9FB7-6BB00B00909B}.Release|x64.Deploy.0 = Release|Any CPU
		{8F8A4A51-7EE5-40F8-9FB7-6BB00B00909B}.Release|x86.ActiveCfg = Release|Any CPU
		{8F8A4A51-7EE5-40F8-9FB7-6BB00B00909B}.Release|x86.Build.0 = Release|Any CPU
		{8F8A4A51-7EE5-40F8-9FB7-6BB00B00909B}.Release|x86.Deploy.0 = Release|Any CPU
		{3EC3A094-FC01-4851-B663-B8D902F4412E}.Ad-Hoc|Any CPU.ActiveCfg = Ad-Hoc|iPhone
		{3EC3A094-FC01-4851-B663-B8D902F4412E}.Ad-Hoc|Any CPU.Build.0 = Ad-Hoc|iPhone
		{3EC3A094-FC01-4851-B663-B8D902F4412E}.Ad-Hoc|Any CPU.Deploy.0 = Ad-Hoc|iPhone
		{3EC3A094-FC01-4851-B663-B8D902F4412E}.Ad-Hoc|ARM.ActiveCfg = Ad-Hoc|iPhone
		{3EC3A094-FC01-4851-B663-B8D902F4412E}.Ad-Hoc|ARM.Build.0 = Ad-Hoc|iPhone
		{3EC3A094-FC01-4851-B663-B8D902F4412E}.Ad-Hoc|ARM.Deploy.0 = Ad-Hoc|iPhone
		{3EC3A094-FC01-4851-B663-B8D902F4412E}.Ad-Hoc|iPhone.ActiveCfg = Ad-Hoc|iPhone
		{3EC3A094-FC01-4851-B663-B8D902F4412E}.Ad-Hoc|iPhone.Build.0 = Ad-Hoc|iPhone
		{3EC3A094-FC01-4851-B663-B8D902F4412E}.Ad-Hoc|iPhone.Deploy.0 = Ad-Hoc|iPhone
		{3EC3A094-FC01-4851-B663-B8D902F4412E}.Ad-Hoc|iPhoneSimulator.ActiveCfg = Ad-Hoc|iPhoneSimulator
		{3EC3A094-FC01-4851-B663-B8D902F4412E}.Ad-Hoc|iPhoneSimulator.Build.0 = Ad-Hoc|iPhoneSimulator
		{3EC3A094-FC01-4851-B663-B8D902F4412E}.Ad-Hoc|iPhoneSimulator.Deploy.0 = Ad-Hoc|iPhoneSimulator
		{3EC3A094-FC01-4851-B663-B8D902F4412E}.Ad-Hoc|x64.ActiveCfg = Ad-Hoc|iPhone
		{3EC3A094-FC01-4851-B663-B8D902F4412E}.Ad-Hoc|x64.Build.0 = Ad-Hoc|iPhone
		{3EC3A094-FC01-4851-B663-B8D902F4412E}.Ad-Hoc|x64.Deploy.0 = Ad-Hoc|iPhone
		{3EC3A094-FC01-4851-B663-B8D902F4412E}.Ad-Hoc|x86.ActiveCfg = Ad-Hoc|iPhone
		{3EC3A094-FC01-4851-B663-B8D902F4412E}.Ad-Hoc|x86.Build.0 = Ad-Hoc|iPhone
		{3EC3A094-FC01-4851-B663-B8D902F4412E}.Ad-Hoc|x86.Deploy.0 = Ad-Hoc|iPhone
		{3EC3A094-FC01-4851-B663-B8D902F4412E}.AppStore|Any CPU.ActiveCfg = AppStore|iPhone
		{3EC3A094-FC01-4851-B663-B8D902F4412E}.AppStore|Any CPU.Build.0 = AppStore|iPhone
		{3EC3A094-FC01-4851-B663-B8D902F4412E}.AppStore|Any CPU.Deploy.0 = AppStore|iPhone
		{3EC3A094-FC01-4851-B663-B8D902F4412E}.AppStore|ARM.ActiveCfg = AppStore|iPhone
		{3EC3A094-FC01-4851-B663-B8D902F4412E}.AppStore|ARM.Build.0 = AppStore|iPhone
		{3EC3A094-FC01-4851-B663-B8D902F4412E}.AppStore|ARM.Deploy.0 = AppStore|iPhone
		{3EC3A094-FC01-4851-B663-B8D902F4412E}.AppStore|iPhone.ActiveCfg = AppStore|iPhone
		{3EC3A094-FC01-4851-B663-B8D902F4412E}.AppStore|iPhone.Build.0 = AppStore|iPhone
		{3EC3A094-FC01-4851-B663-B8D902F4412E}.AppStore|iPhone.Deploy.0 = AppStore|iPhone
		{3EC3A094-FC01-4851-B663-B8D902F4412E}.AppStore|iPhoneSimulator.ActiveCfg = AppStore|iPhoneSimulator
		{3EC3A094-FC01-4851-B663-B8D902F4412E}.AppStore|iPhoneSimulator.Build.0 = AppStore|iPhoneSimulator
		{3EC3A094-FC01-4851-B663-B8D902F4412E}.AppStore|iPhoneSimulator.Deploy.0 = AppStore|iPhoneSimulator
		{3EC3A094-FC01-4851-B663-B8D902F4412E}.AppStore|x64.ActiveCfg = AppStore|iPhone
		{3EC3A094-FC01-4851-B663-B8D902F4412E}.AppStore|x64.Build.0 = AppStore|iPhone
		{3EC3A094-FC01-4851-B663-B8D902F4412E}.AppStore|x64.Deploy.0 = AppStore|iPhone
		{3EC3A094-FC01-4851-B663-B8D902F4412E}.AppStore|x86.ActiveCfg = AppStore|iPhone
		{3EC3A094-FC01-4851-B663-B8D902F4412E}.AppStore|x86.Build.0 = AppStore|iPhone
		{3EC3A094-FC01-4851-B663-B8D902F4412E}.AppStore|x86.Deploy.0 = AppStore|iPhone
		{3EC3A094-FC01-4851-B663-B8D902F4412E}.Debug|Any CPU.ActiveCfg = Debug|iPhoneSimulator
		{3EC3A094-FC01-4851-B663-B8D902F4412E}.Debug|Any CPU.Build.0 = Debug|iPhoneSimulator
		{3EC3A094-FC01-4851-B663-B8D902F4412E}.Debug|Any CPU.Deploy.0 = Debug|iPhoneSimulator
		{3EC3A094-FC01-4851-B663-B8D902F4412E}.Debug|ARM.ActiveCfg = Debug|iPhone
		{3EC3A094-FC01-4851-B663-B8D902F4412E}.Debug|ARM.Build.0 = Debug|iPhone
		{3EC3A094-FC01-4851-B663-B8D902F4412E}.Debug|ARM.Deploy.0 = Debug|iPhone
		{3EC3A094-FC01-4851-B663-B8D902F4412E}.Debug|iPhone.ActiveCfg = Debug|iPhone
		{3EC3A094-FC01-4851-B663-B8D902F4412E}.Debug|iPhone.Build.0 = Debug|iPhone
		{3EC3A094-FC01-4851-B663-B8D902F4412E}.Debug|iPhone.Deploy.0 = Debug|iPhone
		{3EC3A094-FC01-4851-B663-B8D902F4412E}.Debug|iPhoneSimulator.ActiveCfg = Debug|iPhoneSimulator
		{3EC3A094-FC01-4851-B663-B8D902F4412E}.Debug|iPhoneSimulator.Build.0 = Debug|iPhoneSimulator
		{3EC3A094-FC01-4851-B663-B8D902F4412E}.Debug|iPhoneSimulator.Deploy.0 = Debug|iPhoneSimulator
		{3EC3A094-FC01-4851-B663-B8D902F4412E}.Debug|x64.ActiveCfg = Debug|iPhone
		{3EC3A094-FC01-4851-B663-B8D902F4412E}.Debug|x64.Build.0 = Debug|iPhone
		{3EC3A094-FC01-4851-B663-B8D902F4412E}.Debug|x64.Deploy.0 = Debug|iPhone
		{3EC3A094-FC01-4851-B663-B8D902F4412E}.Debug|x86.ActiveCfg = Debug|iPhone
		{3EC3A094-FC01-4851-B663-B8D902F4412E}.Debug|x86.Build.0 = Debug|iPhone
		{3EC3A094-FC01-4851-B663-B8D902F4412E}.Debug|x86.Deploy.0 = Debug|iPhone
		{3EC3A094-FC01-4851-B663-B8D902F4412E}.Release|Any CPU.ActiveCfg = Release|iPhone
		{3EC3A094-FC01-4851-B663-B8D902F4412E}.Release|Any CPU.Build.0 = Release|iPhone
		{3EC3A094-FC01-4851-B663-B8D902F4412E}.Release|Any CPU.Deploy.0 = Release|iPhone
		{3EC3A094-FC01-4851-B663-B8D902F4412E}.Release|ARM.ActiveCfg = Release|iPhone
		{3EC3A094-FC01-4851-B663-B8D902F4412E}.Release|ARM.Build.0 = Release|iPhone
		{3EC3A094-FC01-4851-B663-B8D902F4412E}.Release|ARM.Deploy.0 = Release|iPhone
		{3EC3A094-FC01-4851-B663-B8D902F4412E}.Release|iPhone.ActiveCfg = Release|iPhone
		{3EC3A094-FC01-4851-B663-B8D902F4412E}.Release|iPhone.Build.0 = Release|iPhone
		{3EC3A094-FC01-4851-B663-B8D902F4412E}.Release|iPhone.Deploy.0 = Release|iPhone
		{3EC3A094-FC01-4851-B663-B8D902F4412E}.Release|iPhoneSimulator.ActiveCfg = Release|iPhoneSimulator
		{3EC3A094-FC01-4851-B663-B8D902F4412E}.Release|iPhoneSimulator.Build.0 = Release|iPhoneSimulator
		{3EC3A094-FC01-4851-B663-B8D902F4412E}.Release|iPhoneSimulator.Deploy.0 = Release|iPhoneSimulator
		{3EC3A094-FC01-4851-B663-B8D902F4412E}.Release|x64.ActiveCfg = Release|iPhone
		{3EC3A094-FC01-4851-B663-B8D902F4412E}.Release|x64.Build.0 = Release|iPhone
		{3EC3A094-FC01-4851-B663-B8D902F4412E}.Release|x64.Deploy.0 = Release|iPhone
		{3EC3A094-FC01-4851-B663-B8D902F4412E}.Release|x86.ActiveCfg = Release|iPhone
		{3EC3A094-FC01-4851-B663-B8D902F4412E}.Release|x86.Build.0 = Release|iPhone
		{3EC3A094-FC01-4851-B663-B8D902F4412E}.Release|x86.Deploy.0 = Release|iPhone
		{D83786A7-A9FA-4D04-A9E0-32F0468B5B52}.Ad-Hoc|Any CPU.ActiveCfg = Release|x86
		{D83786A7-A9FA-4D04-A9E0-32F0468B5B52}.Ad-Hoc|Any CPU.Build.0 = Release|x86
		{D83786A7-A9FA-4D04-A9E0-32F0468B5B52}.Ad-Hoc|Any CPU.Deploy.0 = Release|x86
		{D83786A7-A9FA-4D04-A9E0-32F0468B5B52}.Ad-Hoc|ARM.ActiveCfg = Release|ARM
		{D83786A7-A9FA-4D04-A9E0-32F0468B5B52}.Ad-Hoc|ARM.Build.0 = Release|ARM
		{D83786A7-A9FA-4D04-A9E0-32F0468B5B52}.Ad-Hoc|ARM.Deploy.0 = Release|ARM
		{D83786A7-A9FA-4D04-A9E0-32F0468B5B52}.Ad-Hoc|iPhone.ActiveCfg = Release|x86
		{D83786A7-A9FA-4D04-A9E0-32F0468B5B52}.Ad-Hoc|iPhone.Build.0 = Release|x86
		{D83786A7-A9FA-4D04-A9E0-32F0468B5B52}.Ad-Hoc|iPhone.Deploy.0 = Release|x86
		{D83786A7-A9FA-4D04-A9E0-32F0468B5B52}.Ad-Hoc|iPhoneSimulator.ActiveCfg = Release|x86
		{D83786A7-A9FA-4D04-A9E0-32F0468B5B52}.Ad-Hoc|iPhoneSimulator.Build.0 = Release|x86
		{D83786A7-A9FA-4D04-A9E0-32F0468B5B52}.Ad-Hoc|iPhoneSimulator.Deploy.0 = Release|x86
		{D83786A7-A9FA-4D04-A9E0-32F0468B5B52}.Ad-Hoc|x64.ActiveCfg = Release|x64
		{D83786A7-A9FA-4D04-A9E0-32F0468B5B52}.Ad-Hoc|x64.Build.0 = Release|x64
		{D83786A7-A9FA-4D04-A9E0-32F0468B5B52}.Ad-Hoc|x64.Deploy.0 = Release|x64
		{D83786A7-A9FA-4D04-A9E0-32F0468B5B52}.Ad-Hoc|x86.ActiveCfg = Release|x86
		{D83786A7-A9FA-4D04-A9E0-32F0468B5B52}.Ad-Hoc|x86.Build.0 = Release|x86
		{D83786A7-A9FA-4D04-A9E0-32F0468B5B52}.Ad-Hoc|x86.Deploy.0 = Release|x86
		{D83786A7-A9FA-4D04-A9E0-32F0468B5B52}.AppStore|Any CPU.ActiveCfg = Release|x86
		{D83786A7-A9FA-4D04-A9E0-32F0468B5B52}.AppStore|Any CPU.Build.0 = Release|x86
		{D83786A7-A9FA-4D04-A9E0-32F0468B5B52}.AppStore|Any CPU.Deploy.0 = Release|x86
		{D83786A7-A9FA-4D04-A9E0-32F0468B5B52}.AppStore|ARM.ActiveCfg = Release|ARM
		{D83786A7-A9FA-4D04-A9E0-32F0468B5B52}.AppStore|ARM.Build.0 = Release|ARM
		{D83786A7-A9FA-4D04-A9E0-32F0468B5B52}.AppStore|ARM.Deploy.0 = Release|ARM
		{D83786A7-A9FA-4D04-A9E0-32F0468B5B52}.AppStore|iPhone.ActiveCfg = Release|x86
		{D83786A7-A9FA-4D04-A9E0-32F0468B5B52}.AppStore|iPhone.Build.0 = Release|x86
		{D83786A7-A9FA-4D04-A9E0-32F0468B5B52}.AppStore|iPhone.Deploy.0 = Release|x86
		{D83786A7-A9FA-4D04-A9E0-32F0468B5B52}.AppStore|iPhoneSimulator.ActiveCfg = Release|x86
		{D83786A7-A9FA-4D04-A9E0-32F0468B5B52}.AppStore|iPhoneSimulator.Build.0 = Release|x86
		{D83786A7-A9FA-4D04-A9E0-32F0468B5B52}.AppStore|iPhoneSimulator.Deploy.0 = Release|x86
		{D83786A7-A9FA-4D04-A9E0-32F0468B5B52}.AppStore|x64.ActiveCfg = Release|x64
		{D83786A7-A9FA-4D04-A9E0-32F0468B5B52}.AppStore|x64.Build.0 = Release|x64
		{D83786A7-A9FA-4D04-A9E0-32F0468B5B52}.AppStore|x64.Deploy.0 = Release|x64
		{D83786A7-A9FA-4D04-A9E0-32F0468B5B52}.AppStore|x86.ActiveCfg = Release|x86
		{D83786A7-A9FA-4D04-A9E0-32F0468B5B52}.AppStore|x86.Build.0 = Release|x86
		{D83786A7-A9FA-4D04-A9E0-32F0468B5B52}.AppStore|x86.Deploy.0 = Release|x86
		{D83786A7-A9FA-4D04-A9E0-32F0468B5B52}.Debug|Any CPU.ActiveCfg = Debug|x86
		{D83786A7-A9FA-4D04-A9E0-32F0468B5B52}.Debug|Any CPU.Build.0 = Debug|x86
		{D83786A7-A9FA-4D04-A9E0-32F0468B5B52}.Debug|Any CPU.Deploy.0 = Debug|x86
		{D83786A7-A9FA-4D04-A9E0-32F0468B5B52}.Debug|ARM.ActiveCfg = Debug|ARM
		{D83786A7-A9FA-4D04-A9E0-32F0468B5B52}.Debug|ARM.Build.0 = Debug|ARM
		{D83786A7-A9FA-4D04-A9E0-32F0468B5B52}.Debug|ARM.Deploy.0 = Debug|ARM
		{D83786A7-A9FA-4D04-A9E0-32F0468B5B52}.Debug|iPhone.ActiveCfg = Debug|x86
		{D83786A7-A9FA-4D04-A9E0-32F0468B5B52}.Debug|iPhone.Build.0 = Debug|x86
		{D83786A7-A9FA-4D04-A9E0-32F0468B5B52}.Debug|iPhone.Deploy.0 = Debug|x86
		{D83786A7-A9FA-4D04-A9E0-32F0468B5B52}.Debug|iPhoneSimulator.ActiveCfg = Debug|x86
		{D83786A7-A9FA-4D04-A9E0-32F0468B5B52}.Debug|iPhoneSimulator.Build.0 = Debug|x86
		{D83786A7-A9FA-4D04-A9E0-32F0468B5B52}.Debug|iPhoneSimulator.Deploy.0 = Debug|x86
		{D83786A7-A9FA-4D04-A9E0-32F0468B5B52}.Debug|x64.ActiveCfg = Debug|x64
		{D83786A7-A9FA-4D04-A9E0-32F0468B5B52}.Debug|x64.Build.0 = Debug|x64
		{D83786A7-A9FA-4D04-A9E0-32F0468B5B52}.Debug|x64.Deploy.0 = Debug|x64
		{D83786A7-A9FA-4D04-A9E0-32F0468B5B52}.Debug|x86.ActiveCfg = Debug|x86
		{D83786A7-A9FA-4D04-A9E0-32F0468B5B52}.Debug|x86.Build.0 = Debug|x86
		{D83786A7-A9FA-4D04-A9E0-32F0468B5B52}.Debug|x86.Deploy.0 = Debug|x86
		{D83786A7-A9FA-4D04-A9E0-32F0468B5B52}.Release|Any CPU.ActiveCfg = Release|x86
		{D83786A7-A9FA-4D04-A9E0-32F0468B5B52}.Release|Any CPU.Build.0 = Release|x86
		{D83786A7-A9FA-4D04-A9E0-32F0468B5B52}.Release|Any CPU.Deploy.0 = Release|x86
		{D83786A7-A9FA-4D04-A9E0-32F0468B5B52}.Release|ARM.ActiveCfg = Release|ARM
		{D83786A7-A9FA-4D04-A9E0-32F0468B5B52}.Release|ARM.Build.0 = Release|ARM
		{D83786A7-A9FA-4D04-A9E0-32F0468B5B52}.Release|ARM.Deploy.0 = Release|ARM
		{D83786A7-A9FA-4D04-A9E0-32F0468B5B52}.Release|iPhone.ActiveCfg = Release|x86
		{D83786A7-A9FA-4D04-A9E0-32F0468B5B52}.Release|iPhone.Build.0 = Release|x86
		{D83786A7-A9FA-4D04-A9E0-32F0468B5B52}.Release|iPhone.Deploy.0 = Release|x86
		{D83786A7-A9FA-4D04-A9E0-32F0468B5B52}.Release|iPhoneSimulator.ActiveCfg = Release|x86
		{D83786A7-A9FA-4D04-A9E0-32F0468B5B52}.Release|iPhoneSimulator.Build.0 = Release|x86
		{D83786A7-A9FA-4D04-A9E0-32F0468B5B52}.Release|iPhoneSimulator.Deploy.0 = Release|x86
		{D83786A7-A9FA-4D04-A9E0-32F0468B5B52}.Release|x64.ActiveCfg = Release|x64
		{D83786A7-A9FA-4D04-A9E0-32F0468B5B52}.Release|x64.Build.0 = Release|x64
		{D83786A7-A9FA-4D04-A9E0-32F0468B5B52}.Release|x64.Deploy.0 = Release|x64
		{D83786A7-A9FA-4D04-A9E0-32F0468B5B52}.Release|x86.ActiveCfg = Release|x86
		{D83786A7-A9FA-4D04-A9E0-32F0468B5B52}.Release|x86.Build.0 = Release|x86
		{D83786A7-A9FA-4D04-A9E0-32F0468B5B52}.Release|x86.Deploy.0 = Release|x86
		{E0557152-309F-413D-AC2F-B96A4F485C37}.Ad-Hoc|Any CPU.ActiveCfg = Debug|Any CPU
		{E0557152-309F-413D-AC2F-B96A4F485C37}.Ad-Hoc|Any CPU.Build.0 = Debug|Any CPU
		{E0557152-309F-413D-AC2F-B96A4F485C37}.Ad-Hoc|Any CPU.Deploy.0 = Debug|Any CPU
		{E0557152-309F-413D-AC2F-B96A4F485C37}.Ad-Hoc|ARM.ActiveCfg = Debug|Any CPU
		{E0557152-309F-413D-AC2F-B96A4F485C37}.Ad-Hoc|ARM.Build.0 = Debug|Any CPU
		{E0557152-309F-413D-AC2F-B96A4F485C37}.Ad-Hoc|ARM.Deploy.0 = Debug|Any CPU
		{E0557152-309F-413D-AC2F-B96A4F485C37}.Ad-Hoc|iPhone.ActiveCfg = Debug|Any CPU
		{E0557152-309F-413D-AC2F-B96A4F485C37}.Ad-Hoc|iPhone.Build.0 = Debug|Any CPU
		{E0557152-309F-413D-AC2F-B96A4F485C37}.Ad-Hoc|iPhone.Deploy.0 = Debug|Any CPU
		{E0557152-309F-413D-AC2F-B96A4F485C37}.Ad-Hoc|iPhoneSimulator.ActiveCfg = Debug|Any CPU
		{E0557152-309F-413D-AC2F-B96A4F485C37}.Ad-Hoc|iPhoneSimulator.Build.0 = Debug|Any CPU
		{E0557152-309F-413D-AC2F-B96A4F485C37}.Ad-Hoc|iPhoneSimulator.Deploy.0 = Debug|Any CPU
		{E0557152-309F-413D-AC2F-B96A4F485C37}.Ad-Hoc|x64.ActiveCfg = Debug|Any CPU
		{E0557152-309F-413D-AC2F-B96A4F485C37}.Ad-Hoc|x64.Build.0 = Debug|Any CPU
		{E0557152-309F-413D-AC2F-B96A4F485C37}.Ad-Hoc|x64.Deploy.0 = Debug|Any CPU
		{E0557152-309F-413D-AC2F-B96A4F485C37}.Ad-Hoc|x86.ActiveCfg = Debug|Any CPU
		{E0557152-309F-413D-AC2F-B96A4F485C37}.Ad-Hoc|x86.Build.0 = Debug|Any CPU
		{E0557152-309F-413D-AC2F-B96A4F485C37}.Ad-Hoc|x86.Deploy.0 = Debug|Any CPU
		{E0557152-309F-413D-AC2F-B96A4F485C37}.AppStore|Any CPU.ActiveCfg = Debug|Any CPU
		{E0557152-309F-413D-AC2F-B96A4F485C37}.AppStore|Any CPU.Build.0 = Debug|Any CPU
		{E0557152-309F-413D-AC2F-B96A4F485C37}.AppStore|Any CPU.Deploy.0 = Debug|Any CPU
		{E0557152-309F-413D-AC2F-B96A4F485C37}.AppStore|ARM.ActiveCfg = Debug|Any CPU
		{E0557152-309F-413D-AC2F-B96A4F485C37}.AppStore|ARM.Build.0 = Debug|Any CPU
		{E0557152-309F-413D-AC2F-B96A4F485C37}.AppStore|ARM.Deploy.0 = Debug|Any CPU
		{E0557152-309F-413D-AC2F-B96A4F485C37}.AppStore|iPhone.ActiveCfg = Debug|Any CPU
		{E0557152-309F-413D-AC2F-B96A4F485C37}.AppStore|iPhone.Build.0 = Debug|Any CPU
		{E0557152-309F-413D-AC2F-B96A4F485C37}.AppStore|iPhone.Deploy.0 = Debug|Any CPU
		{E0557152-309F-413D-AC2F-B96A4F485C37}.AppStore|iPhoneSimulator.ActiveCfg = Debug|Any CPU
		{E0557152-309F-413D-AC2F-B96A4F485C37}.AppStore|iPhoneSimulator.Build.0 = Debug|Any CPU
		{E0557152-309F-413D-AC2F-B96A4F485C37}.AppStore|iPhoneSimulator.Deploy.0 = Debug|Any CPU
		{E0557152-309F-413D-AC2F-B96A4F485C37}.AppStore|x64.ActiveCfg = Debug|Any CPU
		{E0557152-309F-413D-AC2F-B96A4F485C37}.AppStore|x64.Build.0 = Debug|Any CPU
		{E0557152-309F-413D-AC2F-B96A4F485C37}.AppStore|x64.Deploy.0 = Debug|Any CPU
		{E0557152-309F-413D-AC2F-B96A4F485C37}.AppStore|x86.ActiveCfg = Debug|Any CPU
		{E0557152-309F-413D-AC2F-B96A4F485C37}.AppStore|x86.Build.0 = Debug|Any CPU
		{E0557152-309F-413D-AC2F-B96A4F485C37}.AppStore|x86.Deploy.0 = Debug|Any CPU
		{E0557152-309F-413D-AC2F-B96A4F485C37}.Debug|Any CPU.ActiveCfg = Debug|Any CPU
		{E0557152-309F-413D-AC2F-B96A4F485C37}.Debug|Any CPU.Build.0 = Debug|Any CPU
		{E0557152-309F-413D-AC2F-B96A4F485C37}.Debug|Any CPU.Deploy.0 = Debug|Any CPU
		{E0557152-309F-413D-AC2F-B96A4F485C37}.Debug|ARM.ActiveCfg = Debug|Any CPU
		{E0557152-309F-413D-AC2F-B96A4F485C37}.Debug|ARM.Build.0 = Debug|Any CPU
		{E0557152-309F-413D-AC2F-B96A4F485C37}.Debug|ARM.Deploy.0 = Debug|Any CPU
		{E0557152-309F-413D-AC2F-B96A4F485C37}.Debug|iPhone.ActiveCfg = Debug|Any CPU
		{E0557152-309F-413D-AC2F-B96A4F485C37}.Debug|iPhone.Build.0 = Debug|Any CPU
		{E0557152-309F-413D-AC2F-B96A4F485C37}.Debug|iPhone.Deploy.0 = Debug|Any CPU
		{E0557152-309F-413D-AC2F-B96A4F485C37}.Debug|iPhoneSimulator.ActiveCfg = Debug|Any CPU
		{E0557152-309F-413D-AC2F-B96A4F485C37}.Debug|iPhoneSimulator.Build.0 = Debug|Any CPU
		{E0557152-309F-413D-AC2F-B96A4F485C37}.Debug|iPhoneSimulator.Deploy.0 = Debug|Any CPU
		{E0557152-309F-413D-AC2F-B96A4F485C37}.Debug|x64.ActiveCfg = Debug|Any CPU
		{E0557152-309F-413D-AC2F-B96A4F485C37}.Debug|x64.Build.0 = Debug|Any CPU
		{E0557152-309F-413D-AC2F-B96A4F485C37}.Debug|x64.Deploy.0 = Debug|Any CPU
		{E0557152-309F-413D-AC2F-B96A4F485C37}.Debug|x86.ActiveCfg = Debug|Any CPU
		{E0557152-309F-413D-AC2F-B96A4F485C37}.Debug|x86.Build.0 = Debug|Any CPU
		{E0557152-309F-413D-AC2F-B96A4F485C37}.Debug|x86.Deploy.0 = Debug|Any CPU
		{E0557152-309F-413D-AC2F-B96A4F485C37}.Release|Any CPU.ActiveCfg = Release|Any CPU
		{E0557152-309F-413D-AC2F-B96A4F485C37}.Release|Any CPU.Build.0 = Release|Any CPU
		{E0557152-309F-413D-AC2F-B96A4F485C37}.Release|Any CPU.Deploy.0 = Release|Any CPU
		{E0557152-309F-413D-AC2F-B96A4F485C37}.Release|ARM.ActiveCfg = Release|Any CPU
		{E0557152-309F-413D-AC2F-B96A4F485C37}.Release|ARM.Build.0 = Release|Any CPU
		{E0557152-309F-413D-AC2F-B96A4F485C37}.Release|ARM.Deploy.0 = Release|Any CPU
		{E0557152-309F-413D-AC2F-B96A4F485C37}.Release|iPhone.ActiveCfg = Release|Any CPU
		{E0557152-309F-413D-AC2F-B96A4F485C37}.Release|iPhone.Build.0 = Release|Any CPU
		{E0557152-309F-413D-AC2F-B96A4F485C37}.Release|iPhone.Deploy.0 = Release|Any CPU
		{E0557152-309F-413D-AC2F-B96A4F485C37}.Release|iPhoneSimulator.ActiveCfg = Release|Any CPU
		{E0557152-309F-413D-AC2F-B96A4F485C37}.Release|iPhoneSimulator.Build.0 = Release|Any CPU
		{E0557152-309F-413D-AC2F-B96A4F485C37}.Release|iPhoneSimulator.Deploy.0 = Release|Any CPU
		{E0557152-309F-413D-AC2F-B96A4F485C37}.Release|x64.ActiveCfg = Release|Any CPU
		{E0557152-309F-413D-AC2F-B96A4F485C37}.Release|x64.Build.0 = Release|Any CPU
		{E0557152-309F-413D-AC2F-B96A4F485C37}.Release|x64.Deploy.0 = Release|Any CPU
		{E0557152-309F-413D-AC2F-B96A4F485C37}.Release|x86.ActiveCfg = Release|Any CPU
		{E0557152-309F-413D-AC2F-B96A4F485C37}.Release|x86.Build.0 = Release|Any CPU
		{E0557152-309F-413D-AC2F-B96A4F485C37}.Release|x86.Deploy.0 = Release|Any CPU
	EndGlobalSection
	GlobalSection(SolutionProperties) = preSolution
		HideSolutionNode = FALSE
	EndGlobalSection
	GlobalSection(ExtensibilityGlobals) = postSolution
		SolutionGuid = {09277FDF-B156-4736-ABC9-F22DDB15ABCD}
	EndGlobalSection
EndGlobal
